<?xml version="1.0" encoding="utf-8"?>
<Project ToolsVersion="17.0" xmlns="http://schemas.microsoft.com/developer/msbuild/2003">
  <ItemGroup>
    <CustomBuild Include="E:\Projects\Git\Constellate-Engine\build\Win64\CMakeFiles\aa5734a509879ea3fc99e47f5d257fbf\generate.stamp.rule">
      <Filter>CMake Rules</Filter>
    </CustomBuild>
  </ItemGroup>
  <ItemGroup>
    <Filter Include="CMake Rules">
      <UniqueIdentifier>{506DC79B-A7A4-3681-BD11-760207193A35}</UniqueIdentifier>
    </Filter>
  </ItemGroup>
</Project>
